
Microsoft Visual Studio Solution File, Format Version 12.00
# Visual Studio Version 16
VisualStudioVersion = 16.0.31424.327
MinimumVisualStudioVersion = 10.0.40219.1
Project("{FAE04EC0-301F-11D3-BF4B-00C04F79EFBC}") = "InternetesAlkalmazasFejlesztesJC0YK5", "InternetesAlkalmazasFejlesztesJC0YK5\InternetesAlkalmazasFejlesztesJC0YK5.csproj", "{149D28AD-2E40-4D7A-ADD2-4CF5CFD8124D}"
EndProject
Global
	GlobalSection(SolutionConfigurationPlatforms) = preSolution
		Debug|Any CPU = Debug|Any CPU
		Release|Any CPU = Release|Any CPU
	EndGlobalSection
	GlobalSection(ProjectConfigurationPlatforms) = postSolution
		{149D28AD-2E40-4D7A-ADD2-4CF5CFD8124D}.Debug|Any CPU.ActiveCfg = Debug|Any CPU
		{149D28AD-2E40-4D7A-ADD2-4CF5CFD8124D}.Debug|Any CPU.Build.0 = Debug|Any CPU
		{149D28AD-2E40-4D7A-ADD2-4CF5CFD8124D}.Release|Any CPU.ActiveCfg = Release|Any CPU
		{149D28AD-2E40-4D7A-ADD2-4CF5CFD8124D}.Release|Any CPU.Build.0 = Release|Any CPU
	EndGlobalSection
	GlobalSection(SolutionProperties) = preSolution
		HideSolutionNode = FALSE
	EndGlobalSection
	GlobalSection(ExtensibilityGlobals) = postSolution
		SolutionGuid = {10DA653D-AD28-4277-A184-8EB28E223933}
	EndGlobalSection
EndGlobal
